# This file was autogenerated by Stack.
# You should not edit this file by hand.
# For more information, please see the documentation at:
#   https://docs.haskellstack.org/en/stable/lock_files

packages:
- completed:
    subdir: gi-gtk-declarative
    cabal-file:
      size: 4624
      sha256: 036c501d5a290d039498eac6704a0423df395a638a05e8e891ba960a222eaad6
    name: gi-gtk-declarative
    version: 0.6.3
    git: https://github.com/Dretch/gi-gtk-declarative.git
    pantry-tree:
      size: 2675
      sha256: b16312dcd30e71104a7b1caaacf933d807aea6229af3be749f602cf71f12af41
    commit: e29a3b31292c5729e093de38542fa4ca3a500a8d
  original:
    subdir: gi-gtk-declarative
    git: https://github.com/Dretch/gi-gtk-declarative.git
    commit: e29a3b31292c5729e093de38542fa4ca3a500a8d
- completed:
    subdir: gi-gtk-declarative-app-simple
    cabal-file:
      size: 2287
      sha256: 94b5d54e2fa19f340456f925769c562b44b46b7a26ffc48a6a2980d822e7a36e
    name: gi-gtk-declarative-app-simple
    version: 0.6.3
    git: https://github.com/Dretch/gi-gtk-declarative.git
    pantry-tree:
      size: 361
      sha256: 8303c9c08ad6e6759f36514d41705919931c67f4d35a8cecd5335088b0389459
    commit: e29a3b31292c5729e093de38542fa4ca3a500a8d
  original:
    subdir: gi-gtk-declarative-app-simple
    git: https://github.com/Dretch/gi-gtk-declarative.git
    commit: e29a3b31292c5729e093de38542fa4ca3a500a8d
- completed:
    cabal-file:
      size: 5494
      sha256: 906c3a8fb5ca75e86bf5f46c9a39ccc0f2672552a67427288618e9cdbd15e404
    name: foundationdb-haskell
    version: 0.1.0.0
    git: https://github.com/crclark/foundationdb-haskell
    pantry-tree:
      size: 2590
      sha256: 7d4b1c7308c8384c57cfe8a515630383f7b80141ee71547a02b322568fee0a79
    commit: 9053373fdffb49d6350b359f5720ee1f89b61bad
  original:
    git: https://github.com/crclark/foundationdb-haskell
    commit: 9053373fdffb49d6350b359f5720ee1f89b61bad
snapshots:
- completed:
    size: 524996
    url: https://raw.githubusercontent.com/commercialhaskell/stackage-snapshots/master/lts/14/27.yaml
    sha256: 7ea31a280c56bf36ff591a7397cc384d0dff622e7f9e4225b47d8980f019a0f0
  original: lts-14.27
