# This file was autogenerated by Stack.
# You should not edit this file by hand.
# For more information, please see the documentation at:
#   https://docs.haskellstack.org/en/stable/lock_files

packages:
- completed:
    subdir: gi-gtk-declarative
    name: gi-gtk-declarative
    version: 0.6.3
    git: https://github.com/Dretch/gi-gtk-declarative.git
    pantry-tree:
      size: 3007
      sha256: 31491c678d8c83e2de10163f1eae9dd83b12e7cfd15acfcdf9879afb081122d7
    commit: b2b342819b07bdf129dbcdd349af5396318fb8ec
  original:
    subdir: gi-gtk-declarative
    git: https://github.com/Dretch/gi-gtk-declarative.git
    commit: b2b342819b07bdf129dbcdd349af5396318fb8ec
- completed:
    name: foundationdb-haskell
    version: 0.1.0.0
    git: https://github.com/crclark/foundationdb-haskell
    pantry-tree:
      size: 2590
      sha256: 7d4b1c7308c8384c57cfe8a515630383f7b80141ee71547a02b322568fee0a79
    commit: 9053373fdffb49d6350b359f5720ee1f89b61bad
  original:
    git: https://github.com/crclark/foundationdb-haskell
    commit: 9053373fdffb49d6350b359f5720ee1f89b61bad
snapshots:
- completed:
    size: 562051
    url: https://raw.githubusercontent.com/commercialhaskell/stackage-snapshots/master/nightly/2021/1/5.yaml
    sha256: be105362ec57d665ea17fa574ab195c49bb1f9a5bd9016174ef83cd368fba253
  original: nightly-2021-01-05
