# This file was autogenerated by Stack.
# You should not edit this file by hand.
# For more information, please see the documentation at:
#   https://docs.haskellstack.org/en/stable/lock_files

packages:
- completed:
    name: monomer
    version: 1.4.0.0
    git: https://github.com/fjvallarino/monomer
    pantry-tree:
      size: 17325
      sha256: 227051e16be59b0b5b241aae1898299cc5e864be6cfb52b7f08b26d0cb3f2430
    commit: dc3b889ad08852a66e1346f3ecfa11ba5f402871
  original:
    git: https://github.com/fjvallarino/monomer
    commit: dc3b889ad08852a66e1346f3ecfa11ba5f402871
- completed:
    name: foundationdb-haskell
    version: 0.1.0.0
    git: https://github.com/crclark/foundationdb-haskell
    pantry-tree:
      size: 9030
      sha256: 2eb51b1a7faa99b2387f17f0642db2fc28380454ac5f54647d3f347bd6fe3882
    commit: 537142f7ba46da9ebd5a7747eef54640e134284d
  original:
    git: https://github.com/crclark/foundationdb-haskell
    commit: 537142f7ba46da9ebd5a7747eef54640e134284d
snapshots:
- completed:
    size: 618952
    url: https://raw.githubusercontent.com/commercialhaskell/stackage-snapshots/master/lts/19/15.yaml
    sha256: 82e5ccb47b068521de4055034e8aa278eab430b586881d9cc29ba8b382ce3253
  original: lts-19.15
